
Microsoft Visual Studio Solution File, Format Version 12.00
# Visual Studio Version 16
VisualStudioVersion = 16.0.29920.165
MinimumVisualStudioVersion = 10.0.40219.1
Project("{FAE04EC0-301F-11D3-BF4B-00C04F79EFBC}") = "OTP.Android", "OTP.Android\OTP.Android.csproj", "{95697A54-4D24-4DA0-A6FA-C532FE49FEFC}"
EndProject
Project("{FAE04EC0-301F-11D3-BF4B-00C04F79EFBC}") = "OTP.iOS", "OTP.iOS\OTP.iOS.csproj", "{8DBD9D3F-F1B0-47C4-A3F1-00C7DA4D4699}"
EndProject
Project("{FAE04EC0-301F-11D3-BF4B-00C04F79EFBC}") = "OTP", "OTP\OTP.csproj", "{4A036134-F771-4FC9-BEF0-2D03D412DDF3}"
EndProject
Global
	GlobalSection(SolutionConfigurationPlatforms) = preSolution
		Debug|Any CPU = Debug|Any CPU
		Debug|iPhone = Debug|iPhone
		Debug|iPhoneSimulator = Debug|iPhoneSimulator
		Release|Any CPU = Release|Any CPU
		Release|iPhone = Release|iPhone
		Release|iPhoneSimulator = Release|iPhoneSimulator
	EndGlobalSection
	GlobalSection(ProjectConfigurationPlatforms) = postSolution
		{95697A54-4D24-4DA0-A6FA-C532FE49FEFC}.Debug|Any CPU.ActiveCfg = Debug|Any CPU
		{95697A54-4D24-4DA0-A6FA-C532FE49FEFC}.Debug|Any CPU.Build.0 = Debug|Any CPU
		{95697A54-4D24-4DA0-A6FA-C532FE49FEFC}.Debug|Any CPU.Deploy.0 = Debug|Any CPU
		{95697A54-4D24-4DA0-A6FA-C532FE49FEFC}.Debug|iPhone.ActiveCfg = Debug|Any CPU
		{95697A54-4D24-4DA0-A6FA-C532FE49FEFC}.Debug|iPhone.Build.0 = Debug|Any CPU
		{95697A54-4D24-4DA0-A6FA-C532FE49FEFC}.Debug|iPhone.Deploy.0 = Debug|Any CPU
		{95697A54-4D24-4DA0-A6FA-C532FE49FEFC}.Debug|iPhoneSimulator.ActiveCfg = Debug|Any CPU
		{95697A54-4D24-4DA0-A6FA-C532FE49FEFC}.Debug|iPhoneSimulator.Build.0 = Debug|Any CPU
		{95697A54-4D24-4DA0-A6FA-C532FE49FEFC}.Debug|iPhoneSimulator.Deploy.0 = Debug|Any CPU
		{95697A54-4D24-4DA0-A6FA-C532FE49FEFC}.Release|Any CPU.ActiveCfg = Release|Any CPU
		{95697A54-4D24-4DA0-A6FA-C532FE49FEFC}.Release|Any CPU.Build.0 = Release|Any CPU
		{95697A54-4D24-4DA0-A6FA-C532FE49FEFC}.Release|Any CPU.Deploy.0 = Release|Any CPU
		{95697A54-4D24-4DA0-A6FA-C532FE49FEFC}.Release|iPhone.ActiveCfg = Release|Any CPU
		{95697A54-4D24-4DA0-A6FA-C532FE49FEFC}.Release|iPhone.Build.0 = Release|Any CPU
		{95697A54-4D24-4DA0-A6FA-C532FE49FEFC}.Release|iPhone.Deploy.0 = Release|Any CPU
		{95697A54-4D24-4DA0-A6FA-C532FE49FEFC}.Release|iPhoneSimulator.ActiveCfg = Release|Any CPU
		{95697A54-4D24-4DA0-A6FA-C532FE49FEFC}.Release|iPhoneSimulator.Build.0 = Release|Any CPU
		{95697A54-4D24-4DA0-A6FA-C532FE49FEFC}.Release|iPhoneSimulator.Deploy.0 = Release|Any CPU
		{8DBD9D3F-F1B0-47C4-A3F1-00C7DA4D4699}.Debug|Any CPU.ActiveCfg = Debug|iPhone
		{8DBD9D3F-F1B0-47C4-A3F1-00C7DA4D4699}.Debug|Any CPU.Build.0 = Debug|iPhone
		{8DBD9D3F-F1B0-47C4-A3F1-00C7DA4D4699}.Debug|Any CPU.Deploy.0 = Debug|iPhone
		{8DBD9D3F-F1B0-47C4-A3F1-00C7DA4D4699}.Debug|iPhone.ActiveCfg = Debug|iPhone
		{8DBD9D3F-F1B0-47C4-A3F1-00C7DA4D4699}.Debug|iPhone.Build.0 = Debug|iPhone
		{8DBD9D3F-F1B0-47C4-A3F1-00C7DA4D4699}.Debug|iPhone.Deploy.0 = Debug|iPhone
		{8DBD9D3F-F1B0-47C4-A3F1-00C7DA4D4699}.Debug|iPhoneSimulator.ActiveCfg = Debug|iPhoneSimulator
		{8DBD9D3F-F1B0-47C4-A3F1-00C7DA4D4699}.Debug|iPhoneSimulator.Build.0 = Debug|iPhoneSimulator
		{8DBD9D3F-F1B0-47C4-A3F1-00C7DA4D4699}.Debug|iPhoneSimulator.Deploy.0 = Debug|iPhoneSimulator
		{8DBD9D3F-F1B0-47C4-A3F1-00C7DA4D4699}.Release|Any CPU.ActiveCfg = Release|iPhone
		{8DBD9D3F-F1B0-47C4-A3F1-00C7DA4D4699}.Release|Any CPU.Build.0 = Release|iPhone
		{8DBD9D3F-F1B0-47C4-A3F1-00C7DA4D4699}.Release|Any CPU.Deploy.0 = Release|iPhone
		{8DBD9D3F-F1B0-47C4-A3F1-00C7DA4D4699}.Release|iPhone.ActiveCfg = Release|iPhone
		{8DBD9D3F-F1B0-47C4-A3F1-00C7DA4D4699}.Release|iPhone.Build.0 = Release|iPhone
		{8DBD9D3F-F1B0-47C4-A3F1-00C7DA4D4699}.Release|iPhone.Deploy.0 = Release|iPhone
		{8DBD9D3F-F1B0-47C4-A3F1-00C7DA4D4699}.Release|iPhoneSimulator.ActiveCfg = Release|iPhoneSimulator
		{8DBD9D3F-F1B0-47C4-A3F1-00C7DA4D4699}.Release|iPhoneSimulator.Build.0 = Release|iPhoneSimulator
		{8DBD9D3F-F1B0-47C4-A3F1-00C7DA4D4699}.Release|iPhoneSimulator.Deploy.0 = Release|iPhoneSimulator
		{4A036134-F771-4FC9-BEF0-2D03D412DDF3}.Debug|Any CPU.ActiveCfg = Debug|Any CPU
		{4A036134-F771-4FC9-BEF0-2D03D412DDF3}.Debug|Any CPU.Build.0 = Debug|Any CPU
		{4A036134-F771-4FC9-BEF0-2D03D412DDF3}.Debug|Any CPU.Deploy.0 = Debug|Any CPU
		{4A036134-F771-4FC9-BEF0-2D03D412DDF3}.Debug|iPhone.ActiveCfg = Debug|Any CPU
		{4A036134-F771-4FC9-BEF0-2D03D412DDF3}.Debug|iPhone.Build.0 = Debug|Any CPU
		{4A036134-F771-4FC9-BEF0-2D03D412DDF3}.Debug|iPhone.Deploy.0 = Debug|Any CPU
		{4A036134-F771-4FC9-BEF0-2D03D412DDF3}.Debug|iPhoneSimulator.ActiveCfg = Debug|Any CPU
		{4A036134-F771-4FC9-BEF0-2D03D412DDF3}.Debug|iPhoneSimulator.Build.0 = Debug|Any CPU
		{4A036134-F771-4FC9-BEF0-2D03D412DDF3}.Debug|iPhoneSimulator.Deploy.0 = Debug|Any CPU
		{4A036134-F771-4FC9-BEF0-2D03D412DDF3}.Release|Any CPU.ActiveCfg = Release|Any CPU
		{4A036134-F771-4FC9-BEF0-2D03D412DDF3}.Release|Any CPU.Build.0 = Release|Any CPU
		{4A036134-F771-4FC9-BEF0-2D03D412DDF3}.Release|Any CPU.Deploy.0 = Release|Any CPU
		{4A036134-F771-4FC9-BEF0-2D03D412DDF3}.Release|iPhone.ActiveCfg = Release|Any CPU
		{4A036134-F771-4FC9-BEF0-2D03D412DDF3}.Release|iPhone.Build.0 = Release|Any CPU
		{4A036134-F771-4FC9-BEF0-2D03D412DDF3}.Release|iPhone.Deploy.0 = Release|Any CPU
		{4A036134-F771-4FC9-BEF0-2D03D412DDF3}.Release|iPhoneSimulator.ActiveCfg = Release|Any CPU
		{4A036134-F771-4FC9-BEF0-2D03D412DDF3}.Release|iPhoneSimulator.Build.0 = Release|Any CPU
		{4A036134-F771-4FC9-BEF0-2D03D412DDF3}.Release|iPhoneSimulator.Deploy.0 = Release|Any CPU
	EndGlobalSection
	GlobalSection(SolutionProperties) = preSolution
		HideSolutionNode = FALSE
	EndGlobalSection
	GlobalSection(ExtensibilityGlobals) = postSolution
		SolutionGuid = {152188A3-380D-4205-A394-08C521A39FB7}
	EndGlobalSection
EndGlobal
